// !$*UTF8*$!
{
	archiveVersion = 1;
	classes = {
	};
	objectVersion = 56;
	objects = {

/* Begin PBXBuildFile section */
		07F027A129E4CE9300C84534 /* AppDelegate.swift in Sources */ = {isa = PBXBuildFile; fileRef = 07F027A029E4CE9300C84534 /* AppDelegate.swift */; };
		07F027A329E4CE9300C84534 /* SceneDelegate.swift in Sources */ = {isa = PBXBuildFile; fileRef = 07F027A229E4CE9300C84534 /* SceneDelegate.swift */; };
		07F027A529E4CE9300C84534 /* ViewController.swift in Sources */ = {isa = PBXBuildFile; fileRef = 07F027A429E4CE9300C84534 /* ViewController.swift */; };
		07F027A829E4CE9300C84534 /* Main.storyboard in Resources */ = {isa = PBXBuildFile; fileRef = 07F027A629E4CE9300C84534 /* Main.storyboard */; };
		07F027AA29E4CE9900C84534 /* Assets.xcassets in Resources */ = {isa = PBXBuildFile; fileRef = 07F027A929E4CE9900C84534 /* Assets.xcassets */; };
		07F027AD29E4CE9900C84534 /* LaunchScreen.storyboard in Resources */ = {isa = PBXBuildFile; fileRef = 07F027AB29E4CE9900C84534 /* LaunchScreen.storyboard */; };
		07F027B829E4CE9A00C84534 /* Aula03aTests.swift in Sources */ = {isa = PBXBuildFile; fileRef = 07F027B729E4CE9A00C84534 /* Aula03aTests.swift */; };
		07F027C229E4CE9A00C84534 /* Aula03aUITests.swift in Sources */ = {isa = PBXBuildFile; fileRef = 07F027C129E4CE9A00C84534 /* Aula03aUITests.swift */; };
		07F027C429E4CE9A00C84534 /* Aula03aUITestsLaunchTests.swift in Sources */ = {isa = PBXBuildFile; fileRef = 07F027C329E4CE9A00C84534 /* Aula03aUITestsLaunchTests.swift */; };
/* End PBXBuildFile section */

/* Begin PBXContainerItemProxy section */
		07F027B429E4CE9A00C84534 /* PBXContainerItemProxy */ = {
			isa = PBXContainerItemProxy;
			containerPortal = 07F0279529E4CE9300C84534 /* Project object */;
			proxyType = 1;
			remoteGlobalIDString = 07F0279C29E4CE9300C84534;
			remoteInfo = Aula03a;
		};
		07F027BE29E4CE9A00C84534 /* PBXContainerItemProxy */ = {
			isa = PBXContainerItemProxy;
			containerPortal = 07F0279529E4CE9300C84534 /* Project object */;
			proxyType = 1;
			remoteGlobalIDString = 07F0279C29E4CE9300C84534;
			remoteInfo = Aula03a;
		};
/* End PBXContainerItemProxy section */

/* Begin PBXFileReference section */
		07F0279D29E4CE9300C84534 /* Aula03a.app */ = {isa = PBXFileReference; explicitFileType = wrapper.application; includeInIndex = 0; path = Aula03a.app; sourceTree = BUILT_PRODUCTS_DIR; };
		07F027A029E4CE9300C84534 /* AppDelegate.swift */ = {isa = PBXFileReference; lastKnownFileType = sourcecode.swift; path = AppDelegate.swift; sourceTree = "<group>"; };
		07F027A229E4CE9300C84534 /* SceneDelegate.swift */ = {isa = PBXFileReference; lastKnownFileType = sourcecode.swift; path = SceneDelegate.swift; sourceTree = "<group>"; };
		07F027A429E4CE9300C84534 /* ViewController.swift */ = {isa = PBXFileReference; lastKnownFileType = sourcecode.swift; path = ViewController.swift; sourceTree = "<group>"; };
		07F027A729E4CE9300C84534 /* Base */ = {isa = PBXFileReference; lastKnownFileType = file.storyboard; name = Base; path = Base.lproj/Main.storyboard; sourceTree = "<group>"; };
		07F027A929E4CE9900C84534 /* Assets.xcassets */ = {isa = PBXFileReference; lastKnownFileType = folder.assetcatalog; path = Assets.xcassets; sourceTree = "<group>"; };
		07F027AC29E4CE9900C84534 /* Base */ = {isa = PBXFileReference; lastKnownFileType = file.storyboard; name = Base; path = Base.lproj/LaunchScreen.storyboard; sourceTree = "<group>"; };
		07F027AE29E4CE9900C84534 /* Info.plist */ = {isa = PBXFileReference; lastKnownFileType = text.plist.xml; path = Info.plist; sourceTree = "<group>"; };
		07F027B329E4CE9A00C84534 /* Aula03aTests.xctest */ = {isa = PBXFileReference; explicitFileType = wrapper.cfbundle; includeInIndex = 0; path = Aula03aTests.xctest; sourceTree = BUILT_PRODUCTS_DIR; };
		07F027B729E4CE9A00C84534 /* Aula03aTests.swift */ = {isa = PBXFileReference; lastKnownFileType = sourcecode.swift; path = Aula03aTests.swift; sourceTree = "<group>"; };
		07F027BD29E4CE9A00C84534 /* Aula03aUITests.xctest */ = {isa = PBXFileReference; explicitFileType = wrapper.cfbundle; includeInIndex = 0; path = Aula03aUITests.xctest; sourceTree = BUILT_PRODUCTS_DIR; };
		07F027C129E4CE9A00C84534 /* Aula03aUITests.swift */ = {isa = PBXFileReference; lastKnownFileType = sourcecode.swift; path = Aula03aUITests.swift; sourceTree = "<group>"; };
		07F027C329E4CE9A00C84534 /* Aula03aUITestsLaunchTests.swift */ = {isa = PBXFileReference; lastKnownFileType = sourcecode.swift; path = Aula03aUITestsLaunchTests.swift; sourceTree = "<group>"; };
/* End PBXFileReference section */

/* Begin PBXFrameworksBuildPhase section */
		07F0279A29E4CE9300C84534 /* Frameworks */ = {
			isa = PBXFrameworksBuildPhase;
			buildActionMask = 2147483647;
			files = (
			);
			runOnlyForDeploymentPostprocessing = 0;
		};
		07F027B029E4CE9A00C84534 /* Frameworks */ = {
			isa = PBXFrameworksBuildPhase;
			buildActionMask = 2147483647;
			files = (
			);
			runOnlyForDeploymentPostprocessing = 0;
		};
		07F027BA29E4CE9A00C84534 /* Frameworks */ = {
			isa = PBXFrameworksBuildPhase;
			buildActionMask = 2147483647;
			files = (
			);
			runOnlyForDeploymentPostprocessing = 0;
		};
/* End PBXFrameworksBuildPhase section */

/* Begin PBXGroup section */
		07F0279429E4CE9300C84534 = {
			isa = PBXGroup;
			children = (
				07F0279F29E4CE9300C84534 /* Aula03a */,
				07F027B629E4CE9A00C84534 /* Aula03aTests */,
				07F027C029E4CE9A00C84534 /* Aula03aUITests */,
				07F0279E29E4CE9300C84534 /* Products */,
			);
			sourceTree = "<group>";
		};
		07F0279E29E4CE9300C84534 /* Products */ = {
			isa = PBXGroup;
			children = (
				07F0279D29E4CE9300C84534 /* Aula03a.app */,
				07F027B329E4CE9A00C84534 /* Aula03aTests.xctest */,
				07F027BD29E4CE9A00C84534 /* Aula03aUITests.xctest */,
			);
			name = Products;
			sourceTree = "<group>";
		};
		07F0279F29E4CE9300C84534 /* Aula03a */ = {
			isa = PBXGroup;
			children = (
				07F027A029E4CE9300C84534 /* AppDelegate.swift */,
				07F027A229E4CE9300C84534 /* SceneDelegate.swift */,
				07F027A429E4CE9300C84534 /* ViewController.swift */,
				07F027A629E4CE9300C84534 /* Main.storyboard */,
				07F027A929E4CE9900C84534 /* Assets.xcassets */,
				07F027AB29E4CE9900C84534 /* LaunchScreen.storyboard */,
				07F027AE29E4CE9900C84534 /* Info.plist */,
			);
			path = Aula03a;
			sourceTree = "<group>";
		};
		07F027B629E4CE9A00C84534 /* Aula03aTests */ = {
			isa = PBXGroup;
			children = (
				07F027B729E4CE9A00C84534 /* Aula03aTests.swift */,
			);
			path = Aula03aTests;
			sourceTree = "<group>";
		};
		07F027C029E4CE9A00C84534 /* Aula03aUITests */ = {
			isa = PBXGroup;
			children = (
				07F027C129E4CE9A00C84534 /* Aula03aUITests.swift */,
				07F027C329E4CE9A00C84534 /* Aula03aUITestsLaunchTests.swift */,
			);
			path = Aula03aUITests;
			sourceTree = "<group>";
		};
/* End PBXGroup section */

/* Begin PBXNativeTarget section */
		07F0279C29E4CE9300C84534 /* Aula03a */ = {
			isa = PBXNativeTarget;
			buildConfigurationList = 07F027C729E4CE9A00C84534 /* Build configuration list for PBXNativeTarget "Aula03a" */;
			buildPhases = (
				07F0279929E4CE9300C84534 /* Sources */,
				07F0279A29E4CE9300C84534 /* Frameworks */,
				07F0279B29E4CE9300C84534 /* Resources */,
			);
			buildRules = (
			);
			dependencies = (
			);
			name = Aula03a;
			productName = Aula03a;
			productReference = 07F0279D29E4CE9300C84534 /* Aula03a.app */;
			productType = "com.apple.product-type.application";
		};
		07F027B229E4CE9A00C84534 /* Aula03aTests */ = {
			isa = PBXNativeTarget;
			buildConfigurationList = 07F027CA29E4CE9A00C84534 /* Build configuration list for PBXNativeTarget "Aula03aTests" */;
			buildPhases = (
				07F027AF29E4CE9A00C84534 /* Sources */,
				07F027B029E4CE9A00C84534 /* Frameworks */,
				07F027B129E4CE9A00C84534 /* Resources */,
			);
			buildRules = (
			);
			dependencies = (
				07F027B529E4CE9A00C84534 /* PBXTargetDependency */,
			);
			name = Aula03aTests;
			productName = Aula03aTests;
			productReference = 07F027B329E4CE9A00C84534 /* Aula03aTests.xctest */;
			productType = "com.apple.product-type.bundle.unit-test";
		};
		07F027BC29E4CE9A00C84534 /* Aula03aUITests */ = {
			isa = PBXNativeTarget;
			buildConfigurationList = 07F027CD29E4CE9A00C84534 /* Build configuration list for PBXNativeTarget "Aula03aUITests" */;
			buildPhases = (
				07F027B929E4CE9A00C84534 /* Sources */,
				07F027BA29E4CE9A00C84534 /* Frameworks */,
				07F027BB29E4CE9A00C84534 /* Resources */,
			);
			buildRules = (
			);
			dependencies = (
				07F027BF29E4CE9A00C84534 /* PBXTargetDependency */,
			);
			name = Aula03aUITests;
			productName = Aula03aUITests;
			productReference = 07F027BD29E4CE9A00C84534 /* Aula03aUITests.xctest */;
			productType = "com.apple.product-type.bundle.ui-testing";
		};
/* End PBXNativeTarget section */

/* Begin PBXProject section */
		07F0279529E4CE9300C84534 /* Project object */ = {
			isa = PBXProject;
			attributes = {
				BuildIndependentTargetsInParallel = 1;
				LastSwiftUpdateCheck = 1420;
				LastUpgradeCheck = 1420;
				TargetAttributes = {
					07F0279C29E4CE9300C84534 = {
						CreatedOnToolsVersion = 14.2;
					};
					07F027B229E4CE9A00C84534 = {
						CreatedOnToolsVersion = 14.2;
						TestTargetID = 07F0279C29E4CE9300C84534;
					};
					07F027BC29E4CE9A00C84534 = {
						CreatedOnToolsVersion = 14.2;
						TestTargetID = 07F0279C29E4CE9300C84534;
					};
				};
			};
			buildConfigurationList = 07F0279829E4CE9300C84534 /* Build configuration list for PBXProject "Aula03a" */;
			compatibilityVersion = "Xcode 14.0";
			developmentRegion = en;
			hasScannedForEncodings = 0;
			knownRegions = (
				en,
				Base,
			);
			mainGroup = 07F0279429E4CE9300C84534;
			productRefGroup = 07F0279E29E4CE9300C84534 /* Products */;
			projectDirPath = "";
			projectRoot = "";
			targets = (
				07F0279C29E4CE9300C84534 /* Aula03a */,
				07F027B229E4CE9A00C84534 /* Aula03aTests */,
				07F027BC29E4CE9A00C84534 /* Aula03aUITests */,
			);
		};
/* End PBXProject section */

/* Begin PBXResourcesBuildPhase section */
		07F0279B29E4CE9300C84534 /* Resources */ = {
			isa = PBXResourcesBuildPhase;
			buildActionMask = 2147483647;
			files = (
				07F027AD29E4CE9900C84534 /* LaunchScreen.storyboard in Resources */,
				07F027AA29E4CE9900C84534 /* Assets.xcassets in Resources */,
				07F027A829E4CE9300C84534 /* Main.storyboard in Resources */,
			);
			runOnlyForDeploymentPostprocessing = 0;
		};
		07F027B129E4CE9A00C84534 /* Resources */ = {
			isa = PBXResourcesBuildPhase;
			buildActionMask = 2147483647;
			files = (
			);
			runOnlyForDeploymentPostprocessing = 0;
		};
		07F027BB29E4CE9A00C84534 /* Resources */ = {
			isa = PBXResourcesBuildPhase;
			buildActionMask = 2147483647;
			files = (
			);
			runOnlyForDeploymentPostprocessing = 0;
		};
/* End PBXResourcesBuildPhase section */

/* Begin PBXSourcesBuildPhase section */
		07F0279929E4CE9300C84534 /* Sources */ = {
			isa = PBXSourcesBuildPhase;
			buildActionMask = 2147483647;
			files = (
				07F027A529E4CE9300C84534 /* ViewController.swift in Sources */,
				07F027A129E4CE9300C84534 /* AppDelegate.swift in Sources */,
				07F027A329E4CE9300C84534 /* SceneDelegate.swift in Sources */,
			);
			runOnlyForDeploymentPostprocessing = 0;
		};
		07F027AF29E4CE9A00C84534 /* Sources */ = {
			isa = PBXSourcesBuildPhase;
			buildActionMask = 2147483647;
			files = (
				07F027B829E4CE9A00C84534 /* Aula03aTests.swift in Sources */,
			);
			runOnlyForDeploymentPostprocessing = 0;
		};
		07F027B929E4CE9A00C84534 /* Sources */ = {
			isa = PBXSourcesBuildPhase;
			buildActionMask = 2147483647;
			files = (
				07F027C429E4CE9A00C84534 /* Aula03aUITestsLaunchTests.swift in Sources */,
				07F027C229E4CE9A00C84534 /* Aula03aUITests.swift in Sources */,
			);
			runOnlyForDeploymentPostprocessing = 0;
		};
/* End PBXSourcesBuildPhase section */

/* Begin PBXTargetDependency section */
		07F027B529E4CE9A00C84534 /* PBXTargetDependency */ = {
			isa = PBXTargetDependency;
			target = 07F0279C29E4CE9300C84534 /* Aula03a */;
			targetProxy = 07F027B429E4CE9A00C84534 /* PBXContainerItemProxy */;
		};
		07F027BF29E4CE9A00C84534 /* PBXTargetDependency */ = {
			isa = PBXTargetDependency;
			target = 07F0279C29E4CE9300C84534 /* Aula03a */;
			targetProxy = 07F027BE29E4CE9A00C84534 /* PBXContainerItemProxy */;
		};
/* End PBXTargetDependency section */

/* Begin PBXVariantGroup section */
		07F027A629E4CE9300C84534 /* Main.storyboard */ = {
			isa = PBXVariantGroup;
			children = (
				07F027A729E4CE9300C84534 /* Base */,
			);
			name = Main.storyboard;
			sourceTree = "<group>";
		};
		07F027AB29E4CE9900C84534 /* LaunchScreen.storyboard */ = {
			isa = PBXVariantGroup;
			children = (
				07F027AC29E4CE9900C84534 /* Base */,
			);
			name = LaunchScreen.storyboard;
			sourceTree = "<group>";
		};
/* End PBXVariantGroup section */

/* Begin XCBuildConfiguration section */
		07F027C529E4CE9A00C84534 /* Debug */ = {
			isa = XCBuildConfiguration;
			buildSettings = {
				ALWAYS_SEARCH_USER_PATHS = NO;
				CLANG_ANALYZER_NONNULL = YES;
				CLANG_ANALYZER_NUMBER_OBJECT_CONVERSION = YES_AGGRESSIVE;
				CLANG_CXX_LANGUAGE_STANDARD = "gnu++20";
				CLANG_ENABLE_MODULES = YES;
				CLANG_ENABLE_OBJC_ARC = YES;
				CLANG_ENABLE_OBJC_WEAK = YES;
				CLANG_WARN_BLOCK_CAPTURE_AUTORELEASING = YES;
				CLANG_WARN_BOOL_CONVERSION = YES;
				CLANG_WARN_COMMA = YES;
				CLANG_WARN_CONSTANT_CONVERSION = YES;
				CLANG_WARN_DEPRECATED_OBJC_IMPLEMENTATIONS = YES;
				CLANG_WARN_DIRECT_OBJC_ISA_USAGE = YES_ERROR;
				CLANG_WARN_DOCUMENTATION_COMMENTS = YES;
				CLANG_WARN_EMPTY_BODY = YES;
				CLANG_WARN_ENUM_CONVERSION = YES;
				CLANG_WARN_INFINITE_RECURSION = YES;
				CLANG_WARN_INT_CONVERSION = YES;
				CLANG_WARN_NON_LITERAL_NULL_CONVERSION = YES;
				CLANG_WARN_OBJC_IMPLICIT_RETAIN_SELF = YES;
				CLANG_WARN_OBJC_LITERAL_CONVERSION = YES;
				CLANG_WARN_OBJC_ROOT_CLASS = YES_ERROR;
				CLANG_WARN_QUOTED_INCLUDE_IN_FRAMEWORK_HEADER = YES;
				CLANG_WARN_RANGE_LOOP_ANALYSIS = YES;
				CLANG_WARN_STRICT_PROTOTYPES = YES;
				CLANG_WARN_SUSPICIOUS_MOVE = YES;
				CLANG_WARN_UNGUARDED_AVAILABILITY = YES_AGGRESSIVE;
				CLANG_WARN_UNREACHABLE_CODE = YES;
				CLANG_WARN__DUPLICATE_METHOD_MATCH = YES;
				COPY_PHASE_STRIP = NO;
				DEBUG_INFORMATION_FORMAT = dwarf;
				ENABLE_STRICT_OBJC_MSGSEND = YES;
				ENABLE_TESTABILITY = YES;
				GCC_C_LANGUAGE_STANDARD = gnu11;
				GCC_DYNAMIC_NO_PIC = NO;
				GCC_NO_COMMON_BLOCKS = YES;
				GCC_OPTIMIZATION_LEVEL = 0;
				GCC_PREPROCESSOR_DEFINITIONS = (
					"DEBUG=1",
					"$(inherited)",
				);
				GCC_WARN_64_TO_32_BIT_CONVERSION = YES;
				GCC_WARN_ABOUT_RETURN_TYPE = YES_ERROR;
				GCC_WARN_UNDECLARED_SELECTOR = YES;
				GCC_WARN_UNINITIALIZED_AUTOS = YES_AGGRESSIVE;
				GCC_WARN_UNUSED_FUNCTION = YES;
				GCC_WARN_UNUSED_VARIABLE = YES;
				IPHONEOS_DEPLOYMENT_TARGET = 16.2;
				MTL_ENABLE_DEBUG_INFO = INCLUDE_SOURCE;
				MTL_FAST_MATH = YES;
				ONLY_ACTIVE_ARCH = YES;
				SDKROOT = iphoneos;
				SWIFT_ACTIVE_COMPILATION_CONDITIONS = DEBUG;
				SWIFT_OPTIMIZATION_LEVEL = "-Onone";
			};
			name = Debug;
		};
		07F027C629E4CE9A00C84534 /* Release */ = {
			isa = XCBuildConfiguration;
			buildSettings = {
				ALWAYS_SEARCH_USER_PATHS = NO;
				CLANG_ANALYZER_NONNULL = YES;
				CLANG_ANALYZER_NUMBER_OBJECT_CONVERSION = YES_AGGRESSIVE;
				CLANG_CXX_LANGUAGE_STANDARD = "gnu++20";
				CLANG_ENABLE_MODULES = YES;
				CLANG_ENABLE_OBJC_ARC = YES;
				CLANG_ENABLE_OBJC_WEAK = YES;
				CLANG_WARN_BLOCK_CAPTURE_AUTORELEASING = YES;
				CLANG_WARN_BOOL_CONVERSION = YES;
				CLANG_WARN_COMMA = YES;
				CLANG_WARN_CONSTANT_CONVERSION = YES;
				CLANG_WARN_DEPRECATED_OBJC_IMPLEMENTATIONS = YES;
				CLANG_WARN_DIRECT_OBJC_ISA_USAGE = YES_ERROR;
				CLANG_WARN_DOCUMENTATION_COMMENTS = YES;
				CLANG_WARN_EMPTY_BODY = YES;
				CLANG_WARN_ENUM_CONVERSION = YES;
				CLANG_WARN_INFINITE_RECURSION = YES;
				CLANG_WARN_INT_CONVERSION = YES;
				CLANG_WARN_NON_LITERAL_NULL_CONVERSION = YES;
				CLANG_WARN_OBJC_IMPLICIT_RETAIN_SELF = YES;
				CLANG_WARN_OBJC_LITERAL_CONVERSION = YES;
				CLANG_WARN_OBJC_ROOT_CLASS = YES_ERROR;
				CLANG_WARN_QUOTED_INCLUDE_IN_FRAMEWORK_HEADER = YES;
				CLANG_WARN_RANGE_LOOP_ANALYSIS = YES;
				CLANG_WARN_STRICT_PROTOTYPES = YES;
				CLANG_WARN_SUSPICIOUS_MOVE = YES;
				CLANG_WARN_UNGUARDED_AVAILABILITY = YES_AGGRESSIVE;
				CLANG_WARN_UNREACHABLE_CODE = YES;
				CLANG_WARN__DUPLICATE_METHOD_MATCH = YES;
				COPY_PHASE_STRIP = NO;
				DEBUG_INFORMATION_FORMAT = "dwarf-with-dsym";
				ENABLE_NS_ASSERTIONS = NO;
				ENABLE_STRICT_OBJC_MSGSEND = YES;
				GCC_C_LANGUAGE_STANDARD = gnu11;
				GCC_NO_COMMON_BLOCKS = YES;
				GCC_WARN_64_TO_32_BIT_CONVERSION = YES;
				GCC_WARN_ABOUT_RETURN_TYPE = YES_ERROR;
				GCC_WARN_UNDECLARED_SELECTOR = YES;
				GCC_WARN_UNINITIALIZED_AUTOS = YES_AGGRESSIVE;
				GCC_WARN_UNUSED_FUNCTION = YES;
				GCC_WARN_UNUSED_VARIABLE = YES;
				IPHONEOS_DEPLOYMENT_TARGET = 16.2;
				MTL_ENABLE_DEBUG_INFO = NO;
				MTL_FAST_MATH = YES;
				SDKROOT = iphoneos;
				SWIFT_COMPILATION_MODE = wholemodule;
				SWIFT_OPTIMIZATION_LEVEL = "-O";
				VALIDATE_PRODUCT = YES;
			};
			name = Release;
		};
		07F027C829E4CE9A00C84534 /* Debug */ = {
			isa = XCBuildConfiguration;
			buildSettings = {
				ASSETCATALOG_COMPILER_APPICON_NAME = AppIcon;
				ASSETCATALOG_COMPILER_GLOBAL_ACCENT_COLOR_NAME = AccentColor;
				CODE_SIGN_STYLE = Automatic;
				CURRENT_PROJECT_VERSION = 1;
				DEVELOPMENT_TEAM = UF36M7UU77;
				GENERATE_INFOPLIST_FILE = YES;
				INFOPLIST_FILE = Aula03a/Info.plist;
				INFOPLIST_KEY_UIApplicationSupportsIndirectInputEvents = YES;
				INFOPLIST_KEY_UILaunchStoryboardName = LaunchScreen;
				INFOPLIST_KEY_UIMainStoryboardFile = Main;
				INFOPLIST_KEY_UISupportedInterfaceOrientations_iPad = "UIInterfaceOrientationPortrait UIInterfaceOrientationPortraitUpsideDown UIInterfaceOrientationLandscapeLeft UIInterfaceOrientationLandscapeRight";
				INFOPLIST_KEY_UISupportedInterfaceOrientations_iPhone = "UIInterfaceOrientationPortrait UIInterfaceOrientationLandscapeLeft UIInterfaceOrientationLandscapeRight";
				LD_RUNPATH_SEARCH_PATHS = (
					"$(inherited)",
					"@executable_path/Frameworks",
				);
				MARKETING_VERSION = 1.0;
				PRODUCT_BUNDLE_IDENTIFIER = Lucas.Aula03a;
				PRODUCT_NAME = "$(TARGET_NAME)";
				SWIFT_EMIT_LOC_STRINGS = YES;
				SWIFT_VERSION = 5.0;
				TARGETED_DEVICE_FAMILY = "1,2";
			};
			name = Debug;
		};
		07F027C929E4CE9A00C84534 /* Release */ = {
			isa = XCBuildConfiguration;
			buildSettings = {
				ASSETCATALOG_COMPILER_APPICON_NAME = AppIcon;
				ASSETCATALOG_COMPILER_GLOBAL_ACCENT_COLOR_NAME = AccentColor;
				CODE_SIGN_STYLE = Automatic;
				CURRENT_PROJECT_VERSION = 1;
				DEVELOPMENT_TEAM = UF36M7UU77;
				GENERATE_INFOPLIST_FILE = YES;
				INFOPLIST_FILE = Aula03a/Info.plist;
				INFOPLIST_KEY_UIApplicationSupportsIndirectInputEvents = YES;
				INFOPLIST_KEY_UILaunchStoryboardName = LaunchScreen;
				INFOPLIST_KEY_UIMainStoryboardFile = Main;
				INFOPLIST_KEY_UISupportedInterfaceOrientations_iPad = "UIInterfaceOrientationPortrait UIInterfaceOrientationPortraitUpsideDown UIInterfaceOrientationLandscapeLeft UIInterfaceOrientationLandscapeRight";
				INFOPLIST_KEY_UISupportedInterfaceOrientations_iPhone = "UIInterfaceOrientationPortrait UIInterfaceOrientationLandscapeLeft UIInterfaceOrientationLandscapeRight";
				LD_RUNPATH_SEARCH_PATHS = (
					"$(inherited)",
					"@executable_path/Frameworks",
				);
				MARKETING_VERSION = 1.0;
				PRODUCT_BUNDLE_IDENTIFIER = Lucas.Aula03a;
				PRODUCT_NAME = "$(TARGET_NAME)";
				SWIFT_EMIT_LOC_STRINGS = YES;
				SWIFT_VERSION = 5.0;
				TARGETED_DEVICE_FAMILY = "1,2";
			};
			name = Release;
		};
		07F027CB29E4CE9A00C84534 /* Debug */ = {
			isa = XCBuildConfiguration;
			buildSettings = {
				ALWAYS_EMBED_SWIFT_STANDARD_LIBRARIES = YES;
				BUNDLE_LOADER = "$(TEST_HOST)";
				CODE_SIGN_STYLE = Automatic;
				CURRENT_PROJECT_VERSION = 1;
				DEVELOPMENT_TEAM = UF36M7UU77;
				GENERATE_INFOPLIST_FILE = YES;
				IPHONEOS_DEPLOYMENT_TARGET = 16.2;
				MARKETING_VERSION = 1.0;
				PRODUCT_BUNDLE_IDENTIFIER = Lucas.Aula03aTests;
				PRODUCT_NAME = "$(TARGET_NAME)";
				SWIFT_EMIT_LOC_STRINGS = NO;
				SWIFT_VERSION = 5.0;
				TARGETED_DEVICE_FAMILY = "1,2";
				TEST_HOST = "$(BUILT_PRODUCTS_DIR)/Aula03a.app/$(BUNDLE_EXECUTABLE_FOLDER_PATH)/Aula03a";
			};
			name = Debug;
		};
		07F027CC29E4CE9A00C84534 /* Release */ = {
			isa = XCBuildConfiguration;
			buildSettings = {
				ALWAYS_EMBED_SWIFT_STANDARD_LIBRARIES = YES;
				BUNDLE_LOADER = "$(TEST_HOST)";
				CODE_SIGN_STYLE = Automatic;
				CURRENT_PROJECT_VERSION = 1;
				DEVELOPMENT_TEAM = UF36M7UU77;
				GENERATE_INFOPLIST_FILE = YES;
				IPHONEOS_DEPLOYMENT_TARGET = 16.2;
				MARKETING_VERSION = 1.0;
				PRODUCT_BUNDLE_IDENTIFIER = Lucas.Aula03aTests;
				PRODUCT_NAME = "$(TARGET_NAME)";
				SWIFT_EMIT_LOC_STRINGS = NO;
				SWIFT_VERSION = 5.0;
				TARGETED_DEVICE_FAMILY = "1,2";
				TEST_HOST = "$(BUILT_PRODUCTS_DIR)/Aula03a.app/$(BUNDLE_EXECUTABLE_FOLDER_PATH)/Aula03a";
			};
			name = Release;
		};
		07F027CE29E4CE9A00C84534 /* Debug */ = {
			isa = XCBuildConfiguration;
			buildSettings = {
				ALWAYS_EMBED_SWIFT_STANDARD_LIBRARIES = YES;
				CODE_SIGN_STYLE = Automatic;
				CURRENT_PROJECT_VERSION = 1;
				DEVELOPMENT_TEAM = UF36M7UU77;
				GENERATE_INFOPLIST_FILE = YES;
				MARKETING_VERSION = 1.0;
				PRODUCT_BUNDLE_IDENTIFIER = Lucas.Aula03aUITests;
				PRODUCT_NAME = "$(TARGET_NAME)";
				SWIFT_EMIT_LOC_STRINGS = NO;
				SWIFT_VERSION = 5.0;
				TARGETED_DEVICE_FAMILY = "1,2";
				TEST_TARGET_NAME = Aula03a;
			};
			name = Debug;
		};
		07F027CF29E4CE9A00C84534 /* Release */ = {
			isa = XCBuildConfiguration;
			buildSettings = {
				ALWAYS_EMBED_SWIFT_STANDARD_LIBRARIES = YES;
				CODE_SIGN_STYLE = Automatic;
				CURRENT_PROJECT_VERSION = 1;
				DEVELOPMENT_TEAM = UF36M7UU77;
				GENERATE_INFOPLIST_FILE = YES;
				MARKETING_VERSION = 1.0;
				PRODUCT_BUNDLE_IDENTIFIER = Lucas.Aula03aUITests;
				PRODUCT_NAME = "$(TARGET_NAME)";
				SWIFT_EMIT_LOC_STRINGS = NO;
				SWIFT_VERSION = 5.0;
				TARGETED_DEVICE_FAMILY = "1,2";
				TEST_TARGET_NAME = Aula03a;
			};
			name = Release;
		};
/* End XCBuildConfiguration section */

/* Begin XCConfigurationList section */
		07F0279829E4CE9300C84534 /* Build configuration list for PBXProject "Aula03a" */ = {
			isa = XCConfigurationList;
			buildConfigurations = (
				07F027C529E4CE9A00C84534 /* Debug */,
				07F027C629E4CE9A00C84534 /* Release */,
			);
			defaultConfigurationIsVisible = 0;
			defaultConfigurationName = Release;
		};
		07F027C729E4CE9A00C84534 /* Build configuration list for PBXNativeTarget "Aula03a" */ = {
			isa = XCConfigurationList;
			buildConfigurations = (
				07F027C829E4CE9A00C84534 /* Debug */,
				07F027C929E4CE9A00C84534 /* Release */,
			);
			defaultConfigurationIsVisible = 0;
			defaultConfigurationName = Release;
		};
		07F027CA29E4CE9A00C84534 /* Build configuration list for PBXNativeTarget "Aula03aTests" */ = {
			isa = XCConfigurationList;
			buildConfigurations = (
				07F027CB29E4CE9A00C84534 /* Debug */,
				07F027CC29E4CE9A00C84534 /* Release */,
			);
			defaultConfigurationIsVisible = 0;
			defaultConfigurationName = Release;
		};
		07F027CD29E4CE9A00C84534 /* Build configuration list for PBXNativeTarget "Aula03aUITests" */ = {
			isa = XCConfigurationList;
			buildConfigurations = (
				07F027CE29E4CE9A00C84534 /* Debug */,
				07F027CF29E4CE9A00C84534 /* Release */,
			);
			defaultConfigurationIsVisible = 0;
			defaultConfigurationName = Release;
		};
/* End XCConfigurationList section */
	};
	rootObject = 07F0279529E4CE9300C84534 /* Project object */;
}
